
Microsoft Visual Studio Solution File, Format Version 12.00
# Visual Studio Version 17
VisualStudioVersion = 17.0.31903.59
MinimumVisualStudioVersion = 10.0.40219.1
Project("{FAE04EC0-301F-11D3-BF4B-00C04F79EFBC}") = "Simple.Api", "Simple.Api\Simple.Api.csproj", "{EE605F2C-31CD-4B23-B27F-BB8F02DCA766}"
EndProject
Project("{FAE04EC0-301F-11D3-BF4B-00C04F79EFBC}") = "Simple.Api.Test", "Simple.Api.Test\Simple.Api.Test.csproj", "{588E9A9D-1313-4470-9746-0684ED3F0C55}"
EndProject
Project("{FAE04EC0-301F-11D3-BF4B-00C04F79EFBC}") = "GrpcGreeter", "GrpcGreeter\GrpcGreeter.csproj", "{21CBF718-7C09-4EA8-9CFF-BBDFFA2362C6}"
EndProject
Project("{FAE04EC0-301F-11D3-BF4B-00C04F79EFBC}") = "GrpcGreeterClient", "GrpcGreeterClient\GrpcGreeterClient.csproj", "{19A79656-6B46-4EE3-A75F-3E0F5A1D547C}"
EndProject
Project("{FAE04EC0-301F-11D3-BF4B-00C04F79EFBC}") = "RedisApp", "RedisApp\RedisApp.csproj", "{C312CB2B-5970-41B0-BE5B-FE831D20D138}"
EndProject
Global
	GlobalSection(SolutionConfigurationPlatforms) = preSolution
		Debug|Any CPU = Debug|Any CPU
		Release|Any CPU = Release|Any CPU
	EndGlobalSection
	GlobalSection(SolutionProperties) = preSolution
		HideSolutionNode = FALSE
	EndGlobalSection
	GlobalSection(ProjectConfigurationPlatforms) = postSolution
		{EE605F2C-31CD-4B23-B27F-BB8F02DCA766}.Debug|Any CPU.ActiveCfg = Debug|Any CPU
		{EE605F2C-31CD-4B23-B27F-BB8F02DCA766}.Debug|Any CPU.Build.0 = Debug|Any CPU
		{EE605F2C-31CD-4B23-B27F-BB8F02DCA766}.Release|Any CPU.ActiveCfg = Release|Any CPU
		{EE605F2C-31CD-4B23-B27F-BB8F02DCA766}.Release|Any CPU.Build.0 = Release|Any CPU
		{588E9A9D-1313-4470-9746-0684ED3F0C55}.Debug|Any CPU.ActiveCfg = Debug|Any CPU
		{588E9A9D-1313-4470-9746-0684ED3F0C55}.Debug|Any CPU.Build.0 = Debug|Any CPU
		{588E9A9D-1313-4470-9746-0684ED3F0C55}.Release|Any CPU.ActiveCfg = Release|Any CPU
		{588E9A9D-1313-4470-9746-0684ED3F0C55}.Release|Any CPU.Build.0 = Release|Any CPU
		{21CBF718-7C09-4EA8-9CFF-BBDFFA2362C6}.Debug|Any CPU.ActiveCfg = Debug|Any CPU
		{21CBF718-7C09-4EA8-9CFF-BBDFFA2362C6}.Debug|Any CPU.Build.0 = Debug|Any CPU
		{21CBF718-7C09-4EA8-9CFF-BBDFFA2362C6}.Release|Any CPU.ActiveCfg = Release|Any CPU
		{21CBF718-7C09-4EA8-9CFF-BBDFFA2362C6}.Release|Any CPU.Build.0 = Release|Any CPU
		{19A79656-6B46-4EE3-A75F-3E0F5A1D547C}.Debug|Any CPU.ActiveCfg = Debug|Any CPU
		{19A79656-6B46-4EE3-A75F-3E0F5A1D547C}.Debug|Any CPU.Build.0 = Debug|Any CPU
		{19A79656-6B46-4EE3-A75F-3E0F5A1D547C}.Release|Any CPU.ActiveCfg = Release|Any CPU
		{19A79656-6B46-4EE3-A75F-3E0F5A1D547C}.Release|Any CPU.Build.0 = Release|Any CPU
		{C312CB2B-5970-41B0-BE5B-FE831D20D138}.Debug|Any CPU.ActiveCfg = Debug|Any CPU
		{C312CB2B-5970-41B0-BE5B-FE831D20D138}.Debug|Any CPU.Build.0 = Debug|Any CPU
		{C312CB2B-5970-41B0-BE5B-FE831D20D138}.Release|Any CPU.ActiveCfg = Release|Any CPU
		{C312CB2B-5970-41B0-BE5B-FE831D20D138}.Release|Any CPU.Build.0 = Release|Any CPU
	EndGlobalSection
EndGlobal
